// !$*UTF8*$!
{
	archiveVersion = 1;
	classes = {
	};
	objectVersion = 60;
	objects = {

/* Begin PBXBuildFile section */
		3010CB672FA7368200421EF8 /* PersistenceManager.swift in Sources */ = {isa = PBXBuildFile; fileRef = 3010CB622FA7368200421EF8 /* PersistenceManager.swift */; };
		3010CB682FA7368200421EF8 /* SaveService.swift in Sources */ = {isa = PBXBuildFile; fileRef = 3010CB642FA7368200421EF8 /* SaveService.swift */; };
		3010CB692FA7368200421EF8 /* AppRouter.swift in Sources */ = {isa = PBXBuildFile; fileRef = 3010CB612FA7368200421EF8 /* AppRouter.swift */; };
		3010CB6A2FA7368200421EF8 /* StartMainView.swift in Sources */ = {isa = PBXBuildFile; fileRef = 3010CB652FA7368200421EF8 /* StartMainView.swift */; };
		3010CB6B2FA7368200421EF8 /* PrivacyWebView.swift in Sources */ = {isa = PBXBuildFile; fileRef = 3010CB632FA7368200421EF8 /* PrivacyWebView.swift */; };
		30543B852F902A2D000323B9 /* Assets.xcassets in Resources */ = {isa = PBXBuildFile; fileRef = 30543B7B2F902A2D000323B9 /* Assets.xcassets */; };
		30543B872F902A2D000323B9 /* LaunchScreen.storyboard in Resources */ = {isa = PBXBuildFile; fileRef = 30543B7F2F902A2D000323B9 /* LaunchScreen.storyboard */; };
		30543B882F902A2D000323B9 /* Main.storyboard in Resources */ = {isa = PBXBuildFile; fileRef = 30543B812F902A2D000323B9 /* Main.storyboard */; };
		30543B892F902A2D000323B9 /* CalendarDayCell.swift in Sources */ = {isa = PBXBuildFile; fileRef = 30543B4E2F902A2D000323B9 /* CalendarDayCell.swift */; };
		30543B8A2F902A2D000323B9 /* EntryCard.swift in Sources */ = {isa = PBXBuildFile; fileRef = 30543B4F2F902A2D000323B9 /* EntryCard.swift */; };
		30543B8B2F902A2D000323B9 /* MiniEntryCard.swift in Sources */ = {isa = PBXBuildFile; fileRef = 30543B502F902A2D000323B9 /* MiniEntryCard.swift */; };
		30543B8C2F902A2D000323B9 /* StatCard.swift in Sources */ = {isa = PBXBuildFile; fileRef = 30543B512F902A2D000323B9 /* StatCard.swift */; };
		30543B8D2F902A2D000323B9 /* ThemeCard.swift in Sources */ = {isa = PBXBuildFile; fileRef = 30543B522F902A2D000323B9 /* ThemeCard.swift */; };
		30543B8E2F902A2D000323B9 /* AppExternalLink.swift in Sources */ = {isa = PBXBuildFile; fileRef = 30543B542F902A2D000323B9 /* AppExternalLink.swift */; };
		30543B8F2F902A2D000323B9 /* Color+Night.swift in Sources */ = {isa = PBXBuildFile; fileRef = 30543B562F902A2D000323B9 /* Color+Night.swift */; };
		30543B902F902A2D000323B9 /* NightDesign.swift in Sources */ = {isa = PBXBuildFile; fileRef = 30543B572F902A2D000323B9 /* NightDesign.swift */; };
		30543B912F902A2D000323B9 /* Mood.swift in Sources */ = {isa = PBXBuildFile; fileRef = 30543B592F902A2D000323B9 /* Mood.swift */; };
		30543B922F902A2D000323B9 /* NightCategory.swift in Sources */ = {isa = PBXBuildFile; fileRef = 30543B5A2F902A2D000323B9 /* NightCategory.swift */; };
		30543B932F902A2D000323B9 /* NightEntry.swift in Sources */ = {isa = PBXBuildFile; fileRef = 30543B5B2F902A2D000323B9 /* NightEntry.swift */; };
		30543B942F902A2D000323B9 /* NightQuote.swift in Sources */ = {isa = PBXBuildFile; fileRef = 30543B5C2F902A2D000323B9 /* NightQuote.swift */; };
		30543B952F902A2D000323B9 /* NightStat.swift in Sources */ = {isa = PBXBuildFile; fileRef = 30543B5D2F902A2D000323B9 /* NightStat.swift */; };
		30543B962F902A2D000323B9 /* NightTheme.swift in Sources */ = {isa = PBXBuildFile; fileRef = 30543B5E2F902A2D000323B9 /* NightTheme.swift */; };
		30543B972F902A2D000323B9 /* DateFormatting.swift in Sources */ = {isa = PBXBuildFile; fileRef = 30543B602F902A2D000323B9 /* DateFormatting.swift */; };
		30543B982F902A2D000323B9 /* NightJournalViewModel.swift in Sources */ = {isa = PBXBuildFile; fileRef = 30543B622F902A2D000323B9 /* NightJournalViewModel.swift */; };
		30543B992F902A2D000323B9 /* CalendarView.swift in Sources */ = {isa = PBXBuildFile; fileRef = 30543B642F902A2D000323B9 /* CalendarView.swift */; };
		30543B9A2F902A2D000323B9 /* AddEntryView.swift in Sources */ = {isa = PBXBuildFile; fileRef = 30543B662F902A2D000323B9 /* AddEntryView.swift */; };
		30543B9B2F902A2D000323B9 /* EditEntryView.swift in Sources */ = {isa = PBXBuildFile; fileRef = 30543B672F902A2D000323B9 /* EditEntryView.swift */; };
		30543B9C2F902A2D000323B9 /* EntryDetailView.swift in Sources */ = {isa = PBXBuildFile; fileRef = 30543B682F902A2D000323B9 /* EntryDetailView.swift */; };
		30543B9D2F902A2D000323B9 /* HomeView.swift in Sources */ = {isa = PBXBuildFile; fileRef = 30543B6A2F902A2D000323B9 /* HomeView.swift */; };
		30543B9E2F902A2D000323B9 /* JournalFeedView.swift in Sources */ = {isa = PBXBuildFile; fileRef = 30543B6D2F902A2D000323B9 /* JournalFeedView.swift */; };
		30543B9F2F902A2D000323B9 /* OnboardingView.swift in Sources */ = {isa = PBXBuildFile; fileRef = 30543B6F2F902A2D000323B9 /* OnboardingView.swift */; };
		30543BA02F902A2D000323B9 /* SettingsView.swift in Sources */ = {isa = PBXBuildFile; fileRef = 30543B712F902A2D000323B9 /* SettingsView.swift */; };
		30543BA12F902A2D000323B9 /* StatsView.swift in Sources */ = {isa = PBXBuildFile; fileRef = 30543B732F902A2D000323B9 /* StatsView.swift */; };
		30543BA22F902A2D000323B9 /* AddThemeView.swift in Sources */ = {isa = PBXBuildFile; fileRef = 30543B752F902A2D000323B9 /* AddThemeView.swift */; };
		30543BA32F902A2D000323B9 /* ThemeDetailView.swift in Sources */ = {isa = PBXBuildFile; fileRef = 30543B762F902A2D000323B9 /* ThemeDetailView.swift */; };
		30543BA42F902A2D000323B9 /* ThemesView.swift in Sources */ = {isa = PBXBuildFile; fileRef = 30543B772F902A2D000323B9 /* ThemesView.swift */; };
		30543BA52F902A2D000323B9 /* AppDelegate.swift in Sources */ = {isa = PBXBuildFile; fileRef = 30543B7A2F902A2D000323B9 /* AppDelegate.swift */; };
		30543BA62F902A2D000323B9 /* ContentView.swift in Sources */ = {isa = PBXBuildFile; fileRef = 30543B7C2F902A2D000323B9 /* ContentView.swift */; };
		30543BA72F902A2D000323B9 /* SceneDelegate.swift in Sources */ = {isa = PBXBuildFile; fileRef = 30543B822F902A2D000323B9 /* SceneDelegate.swift */; };
		30543BA82F902A2D000323B9 /* ViewController.swift in Sources */ = {isa = PBXBuildFile; fileRef = 30543B832F902A2D000323B9 /* ViewController.swift */; };
/* End PBXBuildFile section */

/* Begin PBXFileReference section */
		3010CB612FA7368200421EF8 /* AppRouter.swift */ = {isa = PBXFileReference; lastKnownFileType = sourcecode.swift; path = AppRouter.swift; sourceTree = "<group>"; };
		3010CB622FA7368200421EF8 /* PersistenceManager.swift */ = {isa = PBXFileReference; lastKnownFileType = sourcecode.swift; path = PersistenceManager.swift; sourceTree = "<group>"; };
		3010CB632FA7368200421EF8 /* PrivacyWebView.swift */ = {isa = PBXFileReference; lastKnownFileType = sourcecode.swift; path = PrivacyWebView.swift; sourceTree = "<group>"; };
		3010CB642FA7368200421EF8 /* SaveService.swift */ = {isa = PBXFileReference; lastKnownFileType = sourcecode.swift; path = SaveService.swift; sourceTree = "<group>"; };
		3010CB652FA7368200421EF8 /* StartMainView.swift */ = {isa = PBXFileReference; lastKnownFileType = sourcecode.swift; path = StartMainView.swift; sourceTree = "<group>"; };
		302783FD2F8A98D6005A3233 /* 131NightJournal.app */ = {isa = PBXFileReference; explicitFileType = wrapper.application; includeInIndex = 0; path = 131NightJournal.app; sourceTree = BUILT_PRODUCTS_DIR; };
		30543B4E2F902A2D000323B9 /* CalendarDayCell.swift */ = {isa = PBXFileReference; lastKnownFileType = sourcecode.swift; path = CalendarDayCell.swift; sourceTree = "<group>"; };
		30543B4F2F902A2D000323B9 /* EntryCard.swift */ = {isa = PBXFileReference; lastKnownFileType = sourcecode.swift; path = EntryCard.swift; sourceTree = "<group>"; };
		30543B502F902A2D000323B9 /* MiniEntryCard.swift */ = {isa = PBXFileReference; lastKnownFileType = sourcecode.swift; path = MiniEntryCard.swift; sourceTree = "<group>"; };
		30543B512F902A2D000323B9 /* StatCard.swift */ = {isa = PBXFileReference; lastKnownFileType = sourcecode.swift; path = StatCard.swift; sourceTree = "<group>"; };
		30543B522F902A2D000323B9 /* ThemeCard.swift */ = {isa = PBXFileReference; lastKnownFileType = sourcecode.swift; path = ThemeCard.swift; sourceTree = "<group>"; };
		30543B542F902A2D000323B9 /* AppExternalLink.swift */ = {isa = PBXFileReference; lastKnownFileType = sourcecode.swift; path = AppExternalLink.swift; sourceTree = "<group>"; };
		30543B562F902A2D000323B9 /* Color+Night.swift */ = {isa = PBXFileReference; lastKnownFileType = sourcecode.swift; path = "Color+Night.swift"; sourceTree = "<group>"; };
		30543B572F902A2D000323B9 /* NightDesign.swift */ = {isa = PBXFileReference; lastKnownFileType = sourcecode.swift; path = NightDesign.swift; sourceTree = "<group>"; };
		30543B592F902A2D000323B9 /* Mood.swift */ = {isa = PBXFileReference; lastKnownFileType = sourcecode.swift; path = Mood.swift; sourceTree = "<group>"; };
		30543B5A2F902A2D000323B9 /* NightCategory.swift */ = {isa = PBXFileReference; lastKnownFileType = sourcecode.swift; path = NightCategory.swift; sourceTree = "<group>"; };
		30543B5B2F902A2D000323B9 /* NightEntry.swift */ = {isa = PBXFileReference; lastKnownFileType = sourcecode.swift; path = NightEntry.swift; sourceTree = "<group>"; };
		30543B5C2F902A2D000323B9 /* NightQuote.swift */ = {isa = PBXFileReference; lastKnownFileType = sourcecode.swift; path = NightQuote.swift; sourceTree = "<group>"; };
		30543B5D2F902A2D000323B9 /* NightStat.swift */ = {isa = PBXFileReference; lastKnownFileType = sourcecode.swift; path = NightStat.swift; sourceTree = "<group>"; };
		30543B5E2F902A2D000323B9 /* NightTheme.swift */ = {isa = PBXFileReference; lastKnownFileType = sourcecode.swift; path = NightTheme.swift; sourceTree = "<group>"; };
		30543B602F902A2D000323B9 /* DateFormatting.swift */ = {isa = PBXFileReference; lastKnownFileType = sourcecode.swift; path = DateFormatting.swift; sourceTree = "<group>"; };
		30543B622F902A2D000323B9 /* NightJournalViewModel.swift */ = {isa = PBXFileReference; lastKnownFileType = sourcecode.swift; path = NightJournalViewModel.swift; sourceTree = "<group>"; };
		30543B642F902A2D000323B9 /* CalendarView.swift */ = {isa = PBXFileReference; lastKnownFileType = sourcecode.swift; path = CalendarView.swift; sourceTree = "<group>"; };
		30543B662F902A2D000323B9 /* AddEntryView.swift */ = {isa = PBXFileReference; lastKnownFileType = sourcecode.swift; path = AddEntryView.swift; sourceTree = "<group>"; };
		30543B672F902A2D000323B9 /* EditEntryView.swift */ = {isa = PBXFileReference; lastKnownFileType = sourcecode.swift; path = EditEntryView.swift; sourceTree = "<group>"; };
		30543B682F902A2D000323B9 /* EntryDetailView.swift */ = {isa = PBXFileReference; lastKnownFileType = sourcecode.swift; path = EntryDetailView.swift; sourceTree = "<group>"; };
		30543B6A2F902A2D000323B9 /* HomeView.swift */ = {isa = PBXFileReference; lastKnownFileType = sourcecode.swift; path = HomeView.swift; sourceTree = "<group>"; };
		30543B6D2F902A2D000323B9 /* JournalFeedView.swift */ = {isa = PBXFileReference; lastKnownFileType = sourcecode.swift; path = JournalFeedView.swift; sourceTree = "<group>"; };
		30543B6F2F902A2D000323B9 /* OnboardingView.swift */ = {isa = PBXFileReference; lastKnownFileType = sourcecode.swift; path = OnboardingView.swift; sourceTree = "<group>"; };
		30543B712F902A2D000323B9 /* SettingsView.swift */ = {isa = PBXFileReference; lastKnownFileType = sourcecode.swift; path = SettingsView.swift; sourceTree = "<group>"; };
		30543B732F902A2D000323B9 /* StatsView.swift */ = {isa = PBXFileReference; lastKnownFileType = sourcecode.swift; path = StatsView.swift; sourceTree = "<group>"; };
		30543B752F902A2D000323B9 /* AddThemeView.swift */ = {isa = PBXFileReference; lastKnownFileType = sourcecode.swift; path = AddThemeView.swift; sourceTree = "<group>"; };
		30543B762F902A2D000323B9 /* ThemeDetailView.swift */ = {isa = PBXFileReference; lastKnownFileType = sourcecode.swift; path = ThemeDetailView.swift; sourceTree = "<group>"; };
		30543B772F902A2D000323B9 /* ThemesView.swift */ = {isa = PBXFileReference; lastKnownFileType = sourcecode.swift; path = ThemesView.swift; sourceTree = "<group>"; };
		30543B7A2F902A2D000323B9 /* AppDelegate.swift */ = {isa = PBXFileReference; lastKnownFileType = sourcecode.swift; path = AppDelegate.swift; sourceTree = "<group>"; };
		30543B7B2F902A2D000323B9 /* Assets.xcassets */ = {isa = PBXFileReference; lastKnownFileType = folder.assetcatalog; path = Assets.xcassets; sourceTree = "<group>"; };
		30543B7C2F902A2D000323B9 /* ContentView.swift */ = {isa = PBXFileReference; lastKnownFileType = sourcecode.swift; path = ContentView.swift; sourceTree = "<group>"; };
		30543B7D2F902A2D000323B9 /* Info.plist */ = {isa = PBXFileReference; lastKnownFileType = text.plist.xml; path = Info.plist; sourceTree = "<group>"; };
		30543B7E2F902A2D000323B9 /* Base */ = {isa = PBXFileReference; lastKnownFileType = file.storyboard; name = Base; path = Base.lproj/LaunchScreen.storyboard; sourceTree = "<group>"; };
		30543B802F902A2D000323B9 /* Base */ = {isa = PBXFileReference; lastKnownFileType = file.storyboard; name = Base; path = Base.lproj/Main.storyboard; sourceTree = "<group>"; };
		30543B822F902A2D000323B9 /* SceneDelegate.swift */ = {isa = PBXFileReference; lastKnownFileType = sourcecode.swift; path = SceneDelegate.swift; sourceTree = "<group>"; };
		30543B832F902A2D000323B9 /* ViewController.swift */ = {isa = PBXFileReference; lastKnownFileType = sourcecode.swift; path = ViewController.swift; sourceTree = "<group>"; };
		3372C827E3B14AEBF98B7D8D /* Pods-131NightJournal.debug.xcconfig */ = {isa = PBXFileReference; includeInIndex = 1; lastKnownFileType = text.xcconfig; name = "Pods-131NightJournal.debug.xcconfig"; path = "Target Support Files/Pods-131NightJournal/Pods-131NightJournal.debug.xcconfig"; sourceTree = "<group>"; };
		4B31C065D132636183E18AF6 /* Pods-131NightJournal.release.xcconfig */ = {isa = PBXFileReference; includeInIndex = 1; lastKnownFileType = text.xcconfig; name = "Pods-131NightJournal.release.xcconfig"; path = "Target Support Files/Pods-131NightJournal/Pods-131NightJournal.release.xcconfig"; sourceTree = "<group>"; };
		4E2A89BC515E6AEFF17B2D80 /* Pods_131NightJournal.framework */ = {isa = PBXFileReference; explicitFileType = wrapper.framework; includeInIndex = 0; path = Pods_131NightJournal.framework; sourceTree = BUILT_PRODUCTS_DIR; };
/* End PBXFileReference section */

/* Begin PBXFrameworksBuildPhase section */
		302783FA2F8A98D6005A3233 /* Frameworks */ = {
			isa = PBXFrameworksBuildPhase;
			buildActionMask = 2147483647;
			files = (
			);
			runOnlyForDeploymentPostprocessing = 0;
		};
/* End PBXFrameworksBuildPhase section */

/* Begin PBXGroup section */
		3010CB662FA7368200421EF8 /* Router */ = {
			isa = PBXGroup;
			children = (
				3010CB612FA7368200421EF8 /* AppRouter.swift */,
				3010CB622FA7368200421EF8 /* PersistenceManager.swift */,
				3010CB632FA7368200421EF8 /* PrivacyWebView.swift */,
				3010CB642FA7368200421EF8 /* SaveService.swift */,
				3010CB652FA7368200421EF8 /* StartMainView.swift */,
			);
			path = Router;
			sourceTree = "<group>";
		};
		302783F42F8A98D6005A3233 = {
			isa = PBXGroup;
			children = (
				30543B842F902A2D000323B9 /* 131NightJournal */,
				302783FE2F8A98D6005A3233 /* Products */,
				46A8B809CE5EF35CD197E003 /* Pods */,
				81DE521B2B69A7A36CEF59B9 /* Frameworks */,
			);
			sourceTree = "<group>";
		};
		302783FE2F8A98D6005A3233 /* Products */ = {
			isa = PBXGroup;
			children = (
				302783FD2F8A98D6005A3233 /* 131NightJournal.app */,
			);
			name = Products;
			sourceTree = "<group>";
		};
		30543B532F902A2D000323B9 /* Components */ = {
			isa = PBXGroup;
			children = (
				30543B4E2F902A2D000323B9 /* CalendarDayCell.swift */,
				30543B4F2F902A2D000323B9 /* EntryCard.swift */,
				30543B502F902A2D000323B9 /* MiniEntryCard.swift */,
				30543B512F902A2D000323B9 /* StatCard.swift */,
				30543B522F902A2D000323B9 /* ThemeCard.swift */,
			);
			path = Components;
			sourceTree = "<group>";
		};
		30543B552F902A2D000323B9 /* Configuration */ = {
			isa = PBXGroup;
			children = (
				30543B542F902A2D000323B9 /* AppExternalLink.swift */,
			);
			path = Configuration;
			sourceTree = "<group>";
		};
		30543B582F902A2D000323B9 /* Extensions */ = {
			isa = PBXGroup;
			children = (
				30543B562F902A2D000323B9 /* Color+Night.swift */,
				30543B572F902A2D000323B9 /* NightDesign.swift */,
			);
			path = Extensions;
			sourceTree = "<group>";
		};
		30543B5F2F902A2D000323B9 /* Models */ = {
			isa = PBXGroup;
			children = (
				30543B592F902A2D000323B9 /* Mood.swift */,
				30543B5A2F902A2D000323B9 /* NightCategory.swift */,
				30543B5B2F902A2D000323B9 /* NightEntry.swift */,
				30543B5C2F902A2D000323B9 /* NightQuote.swift */,
				30543B5D2F902A2D000323B9 /* NightStat.swift */,
				30543B5E2F902A2D000323B9 /* NightTheme.swift */,
			);
			path = Models;
			sourceTree = "<group>";
		};
		30543B612F902A2D000323B9 /* Utilities */ = {
			isa = PBXGroup;
			children = (
				30543B602F902A2D000323B9 /* DateFormatting.swift */,
			);
			path = Utilities;
			sourceTree = "<group>";
		};
		30543B632F902A2D000323B9 /* ViewModels */ = {
			isa = PBXGroup;
			children = (
				30543B622F902A2D000323B9 /* NightJournalViewModel.swift */,
			);
			path = ViewModels;
			sourceTree = "<group>";
		};
		30543B652F902A2D000323B9 /* Calendar */ = {
			isa = PBXGroup;
			children = (
				30543B642F902A2D000323B9 /* CalendarView.swift */,
			);
			path = Calendar;
			sourceTree = "<group>";
		};
		30543B692F902A2D000323B9 /* Entry */ = {
			isa = PBXGroup;
			children = (
				30543B662F902A2D000323B9 /* AddEntryView.swift */,
				30543B672F902A2D000323B9 /* EditEntryView.swift */,
				30543B682F902A2D000323B9 /* EntryDetailView.swift */,
			);
			path = Entry;
			sourceTree = "<group>";
		};
		30543B6B2F902A2D000323B9 /* Home */ = {
			isa = PBXGroup;
			children = (
				30543B6A2F902A2D000323B9 /* HomeView.swift */,
			);
			path = Home;
			sourceTree = "<group>";
		};
		30543B6C2F902A2D000323B9 /* Inspiration */ = {
			isa = PBXGroup;
			children = (
			);
			path = Inspiration;
			sourceTree = "<group>";
		};
		30543B6E2F902A2D000323B9 /* Journal */ = {
			isa = PBXGroup;
			children = (
				30543B6D2F902A2D000323B9 /* JournalFeedView.swift */,
			);
			path = Journal;
			sourceTree = "<group>";
		};
		30543B702F902A2D000323B9 /* Onboarding */ = {
			isa = PBXGroup;
			children = (
				30543B6F2F902A2D000323B9 /* OnboardingView.swift */,
			);
			path = Onboarding;
			sourceTree = "<group>";
		};
		30543B722F902A2D000323B9 /* Settings */ = {
			isa = PBXGroup;
			children = (
				30543B712F902A2D000323B9 /* SettingsView.swift */,
			);
			path = Settings;
			sourceTree = "<group>";
		};
		30543B742F902A2D000323B9 /* Stats */ = {
			isa = PBXGroup;
			children = (
				30543B732F902A2D000323B9 /* StatsView.swift */,
			);
			path = Stats;
			sourceTree = "<group>";
		};
		30543B782F902A2D000323B9 /* Themes */ = {
			isa = PBXGroup;
			children = (
				30543B752F902A2D000323B9 /* AddThemeView.swift */,
				30543B762F902A2D000323B9 /* ThemeDetailView.swift */,
				30543B772F902A2D000323B9 /* ThemesView.swift */,
			);
			path = Themes;
			sourceTree = "<group>";
		};
		30543B792F902A2D000323B9 /* Views */ = {
			isa = PBXGroup;
			children = (
				30543B652F902A2D000323B9 /* Calendar */,
				30543B692F902A2D000323B9 /* Entry */,
				30543B6B2F902A2D000323B9 /* Home */,
				30543B6C2F902A2D000323B9 /* Inspiration */,
				30543B6E2F902A2D000323B9 /* Journal */,
				30543B702F902A2D000323B9 /* Onboarding */,
				30543B722F902A2D000323B9 /* Settings */,
				30543B742F902A2D000323B9 /* Stats */,
				30543B782F902A2D000323B9 /* Themes */,
			);
			path = Views;
			sourceTree = "<group>";
		};
		30543B842F902A2D000323B9 /* 131NightJournal */ = {
			isa = PBXGroup;
			children = (
				30543B532F902A2D000323B9 /* Components */,
				30543B552F902A2D000323B9 /* Configuration */,
				30543B582F902A2D000323B9 /* Extensions */,
				30543B5F2F902A2D000323B9 /* Models */,
				30543B612F902A2D000323B9 /* Utilities */,
				30543B632F902A2D000323B9 /* ViewModels */,
				30543B792F902A2D000323B9 /* Views */,
				30543B7A2F902A2D000323B9 /* AppDelegate.swift */,
				30543B7B2F902A2D000323B9 /* Assets.xcassets */,
				30543B7C2F902A2D000323B9 /* ContentView.swift */,
				30543B7D2F902A2D000323B9 /* Info.plist */,
				30543B7F2F902A2D000323B9 /* LaunchScreen.storyboard */,
				30543B812F902A2D000323B9 /* Main.storyboard */,
				30543B822F902A2D000323B9 /* SceneDelegate.swift */,
				30543B832F902A2D000323B9 /* ViewController.swift */,
				3010CB662FA7368200421EF8 /* Router */,
			);
			path = 131NightJournal;
			sourceTree = "<group>";
		};
		46A8B809CE5EF35CD197E003 /* Pods */ = {
			isa = PBXGroup;
			children = (
				3372C827E3B14AEBF98B7D8D /* Pods-131NightJournal.debug.xcconfig */,
				4B31C065D132636183E18AF6 /* Pods-131NightJournal.release.xcconfig */,
			);
			path = Pods;
			sourceTree = "<group>";
		};
		81DE521B2B69A7A36CEF59B9 /* Frameworks */ = {
			isa = PBXGroup;
			children = (
				4E2A89BC515E6AEFF17B2D80 /* Pods_131NightJournal.framework */,
			);
			name = Frameworks;
			sourceTree = "<group>";
		};
/* End PBXGroup section */

/* Begin PBXNativeTarget section */
		302783FC2F8A98D6005A3233 /* 131NightJournal */ = {
			isa = PBXNativeTarget;
			buildConfigurationList = 302784102F8A98D7005A3233 /* Build configuration list for PBXNativeTarget "131NightJournal" */;
			buildPhases = (
				F4C4DE349B8A1BCAF3200DB3 /* [CP] Check Pods Manifest.lock */,
				302783F92F8A98D6005A3233 /* Sources */,
				302783FA2F8A98D6005A3233 /* Frameworks */,
				302783FB2F8A98D6005A3233 /* Resources */,
			);
			buildRules = (
			);
			dependencies = (
			);
			name = 131NightJournal;
			productName = 131NightJournal;
			productReference = 302783FD2F8A98D6005A3233 /* 131NightJournal.app */;
			productType = "com.apple.product-type.application";
		};
/* End PBXNativeTarget section */

/* Begin PBXProject section */
		302783F52F8A98D6005A3233 /* Project object */ = {
			isa = PBXProject;
			attributes = {
				BuildIndependentTargetsInParallel = 1;
				LastSwiftUpdateCheck = 2640;
				LastUpgradeCheck = 2640;
				TargetAttributes = {
					302783FC2F8A98D6005A3233 = {
						CreatedOnToolsVersion = 26.4;
					};
				};
			};
			buildConfigurationList = 302783F82F8A98D6005A3233 /* Build configuration list for PBXProject "131NightJournal" */;
			compatibilityVersion = "Xcode 15.0";
			developmentRegion = en;
			hasScannedForEncodings = 0;
			knownRegions = (
				en,
				Base,
			);
			mainGroup = 302783F42F8A98D6005A3233;
			productRefGroup = 302783FE2F8A98D6005A3233 /* Products */;
			projectDirPath = "";
			projectRoot = "";
			targets = (
				302783FC2F8A98D6005A3233 /* 131NightJournal */,
			);
		};
/* End PBXProject section */

/* Begin PBXResourcesBuildPhase section */
		302783FB2F8A98D6005A3233 /* Resources */ = {
			isa = PBXResourcesBuildPhase;
			buildActionMask = 2147483647;
			files = (
				30543B852F902A2D000323B9 /* Assets.xcassets in Resources */,
				30543B872F902A2D000323B9 /* LaunchScreen.storyboard in Resources */,
				30543B882F902A2D000323B9 /* Main.storyboard in Resources */,
			);
			runOnlyForDeploymentPostprocessing = 0;
		};
/* End PBXResourcesBuildPhase section */

/* Begin PBXShellScriptBuildPhase section */
		F4C4DE349B8A1BCAF3200DB3 /* [CP] Check Pods Manifest.lock */ = {
			isa = PBXShellScriptBuildPhase;
			buildActionMask = 2147483647;
			files = (
			);
			inputFileListPaths = (
			);
			inputPaths = (
				"${PODS_PODFILE_DIR_PATH}/Podfile.lock",
				"${PODS_ROOT}/Manifest.lock",
			);
			name = "[CP] Check Pods Manifest.lock";
			outputFileListPaths = (
			);
			outputPaths = (
				"$(DERIVED_FILE_DIR)/Pods-131NightJournal-checkManifestLockResult.txt",
			);
			runOnlyForDeploymentPostprocessing = 0;
			shellPath = /bin/sh;
			shellScript = "diff \"${PODS_PODFILE_DIR_PATH}/Podfile.lock\" \"${PODS_ROOT}/Manifest.lock\" > /dev/null\nif [ $? != 0 ] ; then\n    # print error to STDERR\n    echo \"error: The sandbox is not in sync with the Podfile.lock. Run 'pod install' or update your CocoaPods installation.\" >&2\n    exit 1\nfi\n# This output is used by Xcode 'outputs' to avoid re-running this script phase.\necho \"SUCCESS\" > \"${SCRIPT_OUTPUT_FILE_0}\"\n";
			showEnvVarsInLog = 0;
		};
/* End PBXShellScriptBuildPhase section */

/* Begin PBXSourcesBuildPhase section */
		302783F92F8A98D6005A3233 /* Sources */ = {
			isa = PBXSourcesBuildPhase;
			buildActionMask = 2147483647;
			files = (
				30543B892F902A2D000323B9 /* CalendarDayCell.swift in Sources */,
				30543B8A2F902A2D000323B9 /* EntryCard.swift in Sources */,
				30543B8B2F902A2D000323B9 /* MiniEntryCard.swift in Sources */,
				30543B8C2F902A2D000323B9 /* StatCard.swift in Sources */,
				30543B8D2F902A2D000323B9 /* ThemeCard.swift in Sources */,
				30543B8E2F902A2D000323B9 /* AppExternalLink.swift in Sources */,
				30543B8F2F902A2D000323B9 /* Color+Night.swift in Sources */,
				30543B902F902A2D000323B9 /* NightDesign.swift in Sources */,
				30543B912F902A2D000323B9 /* Mood.swift in Sources */,
				30543B922F902A2D000323B9 /* NightCategory.swift in Sources */,
				3010CB672FA7368200421EF8 /* PersistenceManager.swift in Sources */,
				3010CB682FA7368200421EF8 /* SaveService.swift in Sources */,
				3010CB692FA7368200421EF8 /* AppRouter.swift in Sources */,
				3010CB6A2FA7368200421EF8 /* StartMainView.swift in Sources */,
				3010CB6B2FA7368200421EF8 /* PrivacyWebView.swift in Sources */,
				30543B932F902A2D000323B9 /* NightEntry.swift in Sources */,
				30543B942F902A2D000323B9 /* NightQuote.swift in Sources */,
				30543B952F902A2D000323B9 /* NightStat.swift in Sources */,
				30543B962F902A2D000323B9 /* NightTheme.swift in Sources */,
				30543B972F902A2D000323B9 /* DateFormatting.swift in Sources */,
				30543B982F902A2D000323B9 /* NightJournalViewModel.swift in Sources */,
				30543B992F902A2D000323B9 /* CalendarView.swift in Sources */,
				30543B9A2F902A2D000323B9 /* AddEntryView.swift in Sources */,
				30543B9B2F902A2D000323B9 /* EditEntryView.swift in Sources */,
				30543B9C2F902A2D000323B9 /* EntryDetailView.swift in Sources */,
				30543B9D2F902A2D000323B9 /* HomeView.swift in Sources */,
				30543B9E2F902A2D000323B9 /* JournalFeedView.swift in Sources */,
				30543B9F2F902A2D000323B9 /* OnboardingView.swift in Sources */,
				30543BA02F902A2D000323B9 /* SettingsView.swift in Sources */,
				30543BA12F902A2D000323B9 /* StatsView.swift in Sources */,
				30543BA22F902A2D000323B9 /* AddThemeView.swift in Sources */,
				30543BA32F902A2D000323B9 /* ThemeDetailView.swift in Sources */,
				30543BA42F902A2D000323B9 /* ThemesView.swift in Sources */,
				30543BA52F902A2D000323B9 /* AppDelegate.swift in Sources */,
				30543BA62F902A2D000323B9 /* ContentView.swift in Sources */,
				30543BA72F902A2D000323B9 /* SceneDelegate.swift in Sources */,
				30543BA82F902A2D000323B9 /* ViewController.swift in Sources */,
			);
			runOnlyForDeploymentPostprocessing = 0;
		};
/* End PBXSourcesBuildPhase section */

/* Begin PBXVariantGroup section */
		30543B7F2F902A2D000323B9 /* LaunchScreen.storyboard */ = {
			isa = PBXVariantGroup;
			children = (
				30543B7E2F902A2D000323B9 /* Base */,
			);
			name = LaunchScreen.storyboard;
			sourceTree = "<group>";
		};
		30543B812F902A2D000323B9 /* Main.storyboard */ = {
			isa = PBXVariantGroup;
			children = (
				30543B802F902A2D000323B9 /* Base */,
			);
			name = Main.storyboard;
			sourceTree = "<group>";
		};
/* End PBXVariantGroup section */

/* Begin XCBuildConfiguration section */
		302784112F8A98D7005A3233 /* Debug */ = {
			isa = XCBuildConfiguration;
			baseConfigurationReference = 3372C827E3B14AEBF98B7D8D /* Pods-131NightJournal.debug.xcconfig */;
			buildSettings = {
				ASSETCATALOG_COMPILER_APPICON_NAME = AppIcon;
				ASSETCATALOG_COMPILER_GLOBAL_ACCENT_COLOR_NAME = AccentColor;
				CODE_SIGN_STYLE = Automatic;
				CURRENT_PROJECT_VERSION = 1;
				GENERATE_INFOPLIST_FILE = YES;
				INFOPLIST_FILE = 131NightJournal/Info.plist;
				INFOPLIST_KEY_CFBundleDisplayName = "Mood & Muse. NightJournal";
				INFOPLIST_KEY_UIApplicationSupportsIndirectInputEvents = YES;
				INFOPLIST_KEY_UILaunchStoryboardName = LaunchScreen;
				INFOPLIST_KEY_UIMainStoryboardFile = Main;
				INFOPLIST_KEY_UISupportedInterfaceOrientations = UIInterfaceOrientationPortrait;
				INFOPLIST_KEY_UISupportedInterfaceOrientations_iPad = "UIInterfaceOrientationLandscapeLeft UIInterfaceOrientationLandscapeRight UIInterfaceOrientationPortrait UIInterfaceOrientationPortraitUpsideDown";
				IPHONEOS_DEPLOYMENT_TARGET = 16.6;
				LD_RUNPATH_SEARCH_PATHS = (
					"$(inherited)",
					"@executable_path/Frameworks",
				);
				MARKETING_VERSION = 1.1;
				PRODUCT_BUNDLE_IDENTIFIER = com.ras.m00dm5s3n9ghtj08r;
				PRODUCT_NAME = "$(TARGET_NAME)";
				STRING_CATALOG_GENERATE_SYMBOLS = YES;
				SUPPORTED_PLATFORMS = "iphoneos iphonesimulator";
				SUPPORTS_MACCATALYST = NO;
				SUPPORTS_MAC_DESIGNED_FOR_IPHONE_IPAD = NO;
				SUPPORTS_XR_DESIGNED_FOR_IPHONE_IPAD = NO;
				SWIFT_APPROACHABLE_CONCURRENCY = YES;
				SWIFT_DEFAULT_ACTOR_ISOLATION = MainActor;
				SWIFT_EMIT_LOC_STRINGS = YES;
				SWIFT_UPCOMING_FEATURE_MEMBER_IMPORT_VISIBILITY = YES;
				SWIFT_VERSION = 5.0;
				TARGETED_DEVICE_FAMILY = 1;
			};
			name = Debug;
		};
		302784122F8A98D7005A3233 /* Release */ = {
			isa = XCBuildConfiguration;
			baseConfigurationReference = 4B31C065D132636183E18AF6 /* Pods-131NightJournal.release.xcconfig */;
			buildSettings = {
				ASSETCATALOG_COMPILER_APPICON_NAME = AppIcon;
				ASSETCATALOG_COMPILER_GLOBAL_ACCENT_COLOR_NAME = AccentColor;
				CODE_SIGN_STYLE = Automatic;
				CURRENT_PROJECT_VERSION = 1;
				GENERATE_INFOPLIST_FILE = YES;
				INFOPLIST_FILE = 131NightJournal/Info.plist;
				INFOPLIST_KEY_CFBundleDisplayName = "Mood & Muse. NightJournal";
				INFOPLIST_KEY_UIApplicationSupportsIndirectInputEvents = YES;
				INFOPLIST_KEY_UILaunchStoryboardName = LaunchScreen;
				INFOPLIST_KEY_UIMainStoryboardFile = Main;
				INFOPLIST_KEY_UISupportedInterfaceOrientations = UIInterfaceOrientationPortrait;
				INFOPLIST_KEY_UISupportedInterfaceOrientations_iPad = "UIInterfaceOrientationLandscapeLeft UIInterfaceOrientationLandscapeRight UIInterfaceOrientationPortrait UIInterfaceOrientationPortraitUpsideDown";
				IPHONEOS_DEPLOYMENT_TARGET = 16.6;
				LD_RUNPATH_SEARCH_PATHS = (
					"$(inherited)",
					"@executable_path/Frameworks",
				);
				MARKETING_VERSION = 1.1;
				PRODUCT_BUNDLE_IDENTIFIER = com.ras.m00dm5s3n9ghtj08r;
				PRODUCT_NAME = "$(TARGET_NAME)";
				STRING_CATALOG_GENERATE_SYMBOLS = YES;
				SUPPORTED_PLATFORMS = "iphoneos iphonesimulator";
				SUPPORTS_MACCATALYST = NO;
				SUPPORTS_MAC_DESIGNED_FOR_IPHONE_IPAD = NO;
				SUPPORTS_XR_DESIGNED_FOR_IPHONE_IPAD = NO;
				SWIFT_APPROACHABLE_CONCURRENCY = YES;
				SWIFT_DEFAULT_ACTOR_ISOLATION = MainActor;
				SWIFT_EMIT_LOC_STRINGS = YES;
				SWIFT_UPCOMING_FEATURE_MEMBER_IMPORT_VISIBILITY = YES;
				SWIFT_VERSION = 5.0;
				TARGETED_DEVICE_FAMILY = 1;
			};
			name = Release;
		};
		302784132F8A98D7005A3233 /* Debug */ = {
			isa = XCBuildConfiguration;
			buildSettings = {
				ALWAYS_SEARCH_USER_PATHS = NO;
				ASSETCATALOG_COMPILER_GENERATE_SWIFT_ASSET_SYMBOL_EXTENSIONS = YES;
				CLANG_ANALYZER_NONNULL = YES;
				CLANG_ANALYZER_NUMBER_OBJECT_CONVERSION = YES_AGGRESSIVE;
				CLANG_CXX_LANGUAGE_STANDARD = "gnu++20";
				CLANG_ENABLE_MODULES = YES;
				CLANG_ENABLE_OBJC_ARC = YES;
				CLANG_ENABLE_OBJC_WEAK = YES;
				CLANG_WARN_BLOCK_CAPTURE_AUTORELEASING = YES;
				CLANG_WARN_BOOL_CONVERSION = YES;
				CLANG_WARN_COMMA = YES;
				CLANG_WARN_CONSTANT_CONVERSION = YES;
				CLANG_WARN_DEPRECATED_OBJC_IMPLEMENTATIONS = YES;
				CLANG_WARN_DIRECT_OBJC_ISA_USAGE = YES_ERROR;
				CLANG_WARN_DOCUMENTATION_COMMENTS = YES;
				CLANG_WARN_EMPTY_BODY = YES;
				CLANG_WARN_ENUM_CONVERSION = YES;
				CLANG_WARN_INFINITE_RECURSION = YES;
				CLANG_WARN_INT_CONVERSION = YES;
				CLANG_WARN_NON_LITERAL_NULL_CONVERSION = YES;
				CLANG_WARN_OBJC_IMPLICIT_RETAIN_SELF = YES;
				CLANG_WARN_OBJC_LITERAL_CONVERSION = YES;
				CLANG_WARN_OBJC_ROOT_CLASS = YES_ERROR;
				CLANG_WARN_QUOTED_INCLUDE_IN_FRAMEWORK_HEADER = YES;
				CLANG_WARN_RANGE_LOOP_ANALYSIS = YES;
				CLANG_WARN_STRICT_PROTOTYPES = YES;
				CLANG_WARN_SUSPICIOUS_MOVE = YES;
				CLANG_WARN_UNGUARDED_AVAILABILITY = YES_AGGRESSIVE;
				CLANG_WARN_UNREACHABLE_CODE = YES;
				CLANG_WARN__DUPLICATE_METHOD_MATCH = YES;
				COPY_PHASE_STRIP = NO;
				DEBUG_INFORMATION_FORMAT = dwarf;
				ENABLE_STRICT_OBJC_MSGSEND = YES;
				ENABLE_TESTABILITY = YES;
				ENABLE_USER_SCRIPT_SANDBOXING = YES;
				GCC_C_LANGUAGE_STANDARD = gnu17;
				GCC_DYNAMIC_NO_PIC = NO;
				GCC_NO_COMMON_BLOCKS = YES;
				GCC_OPTIMIZATION_LEVEL = 0;
				GCC_PREPROCESSOR_DEFINITIONS = (
					"DEBUG=1",
					"$(inherited)",
				);
				GCC_WARN_64_TO_32_BIT_CONVERSION = YES;
				GCC_WARN_ABOUT_RETURN_TYPE = YES_ERROR;
				GCC_WARN_UNDECLARED_SELECTOR = YES;
				GCC_WARN_UNINITIALIZED_AUTOS = YES_AGGRESSIVE;
				GCC_WARN_UNUSED_FUNCTION = YES;
				GCC_WARN_UNUSED_VARIABLE = YES;
				IPHONEOS_DEPLOYMENT_TARGET = 26.4;
				LOCALIZATION_PREFERS_STRING_CATALOGS = YES;
				MTL_ENABLE_DEBUG_INFO = INCLUDE_SOURCE;
				MTL_FAST_MATH = YES;
				ONLY_ACTIVE_ARCH = YES;
				SDKROOT = iphoneos;
				SWIFT_ACTIVE_COMPILATION_CONDITIONS = "DEBUG $(inherited)";
				SWIFT_OPTIMIZATION_LEVEL = "-Onone";
			};
			name = Debug;
		};
		302784142F8A98D7005A3233 /* Release */ = {
			isa = XCBuildConfiguration;
			buildSettings = {
				ALWAYS_SEARCH_USER_PATHS = NO;
				ASSETCATALOG_COMPILER_GENERATE_SWIFT_ASSET_SYMBOL_EXTENSIONS = YES;
				CLANG_ANALYZER_NONNULL = YES;
				CLANG_ANALYZER_NUMBER_OBJECT_CONVERSION = YES_AGGRESSIVE;
				CLANG_CXX_LANGUAGE_STANDARD = "gnu++20";
				CLANG_ENABLE_MODULES = YES;
				CLANG_ENABLE_OBJC_ARC = YES;
				CLANG_ENABLE_OBJC_WEAK = YES;
				CLANG_WARN_BLOCK_CAPTURE_AUTORELEASING = YES;
				CLANG_WARN_BOOL_CONVERSION = YES;
				CLANG_WARN_COMMA = YES;
				CLANG_WARN_CONSTANT_CONVERSION = YES;
				CLANG_WARN_DEPRECATED_OBJC_IMPLEMENTATIONS = YES;
				CLANG_WARN_DIRECT_OBJC_ISA_USAGE = YES_ERROR;
				CLANG_WARN_DOCUMENTATION_COMMENTS = YES;
				CLANG_WARN_EMPTY_BODY = YES;
				CLANG_WARN_ENUM_CONVERSION = YES;
				CLANG_WARN_INFINITE_RECURSION = YES;
				CLANG_WARN_INT_CONVERSION = YES;
				CLANG_WARN_NON_LITERAL_NULL_CONVERSION = YES;
				CLANG_WARN_OBJC_IMPLICIT_RETAIN_SELF = YES;
				CLANG_WARN_OBJC_LITERAL_CONVERSION = YES;
				CLANG_WARN_OBJC_ROOT_CLASS = YES_ERROR;
				CLANG_WARN_QUOTED_INCLUDE_IN_FRAMEWORK_HEADER = YES;
				CLANG_WARN_RANGE_LOOP_ANALYSIS = YES;
				CLANG_WARN_STRICT_PROTOTYPES = YES;
				CLANG_WARN_SUSPICIOUS_MOVE = YES;
				CLANG_WARN_UNGUARDED_AVAILABILITY = YES_AGGRESSIVE;
				CLANG_WARN_UNREACHABLE_CODE = YES;
				CLANG_WARN__DUPLICATE_METHOD_MATCH = YES;
				COPY_PHASE_STRIP = NO;
				DEBUG_INFORMATION_FORMAT = "dwarf-with-dsym";
				ENABLE_NS_ASSERTIONS = NO;
				ENABLE_STRICT_OBJC_MSGSEND = YES;
				ENABLE_USER_SCRIPT_SANDBOXING = YES;
				GCC_C_LANGUAGE_STANDARD = gnu17;
				GCC_NO_COMMON_BLOCKS = YES;
				GCC_WARN_64_TO_32_BIT_CONVERSION = YES;
				GCC_WARN_ABOUT_RETURN_TYPE = YES_ERROR;
				GCC_WARN_UNDECLARED_SELECTOR = YES;
				GCC_WARN_UNINITIALIZED_AUTOS = YES_AGGRESSIVE;
				GCC_WARN_UNUSED_FUNCTION = YES;
				GCC_WARN_UNUSED_VARIABLE = YES;
				IPHONEOS_DEPLOYMENT_TARGET = 26.4;
				LOCALIZATION_PREFERS_STRING_CATALOGS = YES;
				MTL_ENABLE_DEBUG_INFO = NO;
				MTL_FAST_MATH = YES;
				SDKROOT = iphoneos;
				SWIFT_COMPILATION_MODE = wholemodule;
				VALIDATE_PRODUCT = YES;
			};
			name = Release;
		};
/* End XCBuildConfiguration section */

/* Begin XCConfigurationList section */
		302783F82F8A98D6005A3233 /* Build configuration list for PBXProject "131NightJournal" */ = {
			isa = XCConfigurationList;
			buildConfigurations = (
				302784132F8A98D7005A3233 /* Debug */,
				302784142F8A98D7005A3233 /* Release */,
			);
			defaultConfigurationIsVisible = 0;
			defaultConfigurationName = Release;
		};
		302784102F8A98D7005A3233 /* Build configuration list for PBXNativeTarget "131NightJournal" */ = {
			isa = XCConfigurationList;
			buildConfigurations = (
				302784112F8A98D7005A3233 /* Debug */,
				302784122F8A98D7005A3233 /* Release */,
			);
			defaultConfigurationIsVisible = 0;
			defaultConfigurationName = Release;
		};
/* End XCConfigurationList section */
	};
	rootObject = 302783F52F8A98D6005A3233 /* Project object */;
}
